// !$*UTF8*$!
{
	archiveVersion = 1;
	classes = {
	};
	objectVersion = 50;
	objects = {

/* Begin PBXBuildFile section */
		DFC6CB2A26E698790054CF9B /* AppDelegate.swift in Sources */ = {isa = PBXBuildFile; fileRef = DFC6CB2926E698790054CF9B /* AppDelegate.swift */; };
		DFC6CB2C26E698790054CF9B /* SceneDelegate.swift in Sources */ = {isa = PBXBuildFile; fileRef = DFC6CB2B26E698790054CF9B /* SceneDelegate.swift */; };
		DFC6CB2E26E698790054CF9B /* ViewController.swift in Sources */ = {isa = PBXBuildFile; fileRef = DFC6CB2D26E698790054CF9B /* ViewController.swift */; };
		DFC6CB3126E698790054CF9B /* Main.storyboard in Resources */ = {isa = PBXBuildFile; fileRef = DFC6CB2F26E698790054CF9B /* Main.storyboard */; };
		DFC6CB3326E6988C0054CF9B /* Assets.xcassets in Resources */ = {isa = PBXBuildFile; fileRef = DFC6CB3226E6988C0054CF9B /* Assets.xcassets */; };
		DFC6CB3626E6988C0054CF9B /* LaunchScreen.storyboard in Resources */ = {isa = PBXBuildFile; fileRef = DFC6CB3426E6988C0054CF9B /* LaunchScreen.storyboard */; };
		DFC6CB4126E6988E0054CF9B /* PreworkTests.swift in Sources */ = {isa = PBXBuildFile; fileRef = DFC6CB4026E6988E0054CF9B /* PreworkTests.swift */; };
		DFC6CB4C26E6988E0054CF9B /* PreworkUITests.swift in Sources */ = {isa = PBXBuildFile; fileRef = DFC6CB4B26E6988E0054CF9B /* PreworkUITests.swift */; };
/* End PBXBuildFile section */

/* Begin PBXContainerItemProxy section */
		DFC6CB3D26E6988E0054CF9B /* PBXContainerItemProxy */ = {
			isa = PBXContainerItemProxy;
			containerPortal = DFC6CB1E26E698770054CF9B /* Project object */;
			proxyType = 1;
			remoteGlobalIDString = DFC6CB2526E698780054CF9B;
			remoteInfo = Prework;
		};
		DFC6CB4826E6988E0054CF9B /* PBXContainerItemProxy */ = {
			isa = PBXContainerItemProxy;
			containerPortal = DFC6CB1E26E698770054CF9B /* Project object */;
			proxyType = 1;
			remoteGlobalIDString = DFC6CB2526E698780054CF9B;
			remoteInfo = Prework;
		};
/* End PBXContainerItemProxy section */

/* Begin PBXFileReference section */
		DFC6CB2626E698780054CF9B /* Prework.app */ = {isa = PBXFileReference; explicitFileType = wrapper.application; includeInIndex = 0; path = Prework.app; sourceTree = BUILT_PRODUCTS_DIR; };
		DFC6CB2926E698790054CF9B /* AppDelegate.swift */ = {isa = PBXFileReference; lastKnownFileType = sourcecode.swift; path = AppDelegate.swift; sourceTree = "<group>"; };
		DFC6CB2B26E698790054CF9B /* SceneDelegate.swift */ = {isa = PBXFileReference; lastKnownFileType = sourcecode.swift; path = SceneDelegate.swift; sourceTree = "<group>"; };
		DFC6CB2D26E698790054CF9B /* ViewController.swift */ = {isa = PBXFileReference; lastKnownFileType = sourcecode.swift; path = ViewController.swift; sourceTree = "<group>"; };
		DFC6CB3026E698790054CF9B /* Base */ = {isa = PBXFileReference; lastKnownFileType = file.storyboard; name = Base; path = Base.lproj/Main.storyboard; sourceTree = "<group>"; };
		DFC6CB3226E6988C0054CF9B /* Assets.xcassets */ = {isa = PBXFileReference; lastKnownFileType = folder.assetcatalog; path = Assets.xcassets; sourceTree = "<group>"; };
		DFC6CB3526E6988C0054CF9B /* Base */ = {isa = PBXFileReference; lastKnownFileType = file.storyboard; name = Base; path = Base.lproj/LaunchScreen.storyboard; sourceTree = "<group>"; };
		DFC6CB3726E6988C0054CF9B /* Info.plist */ = {isa = PBXFileReference; lastKnownFileType = text.plist.xml; path = Info.plist; sourceTree = "<group>"; };
		DFC6CB3C26E6988E0054CF9B /* PreworkTests.xctest */ = {isa = PBXFileReference; explicitFileType = wrapper.cfbundle; includeInIndex = 0; path = PreworkTests.xctest; sourceTree = BUILT_PRODUCTS_DIR; };
		DFC6CB4026E6988E0054CF9B /* PreworkTests.swift */ = {isa = PBXFileReference; lastKnownFileType = sourcecode.swift; path = PreworkTests.swift; sourceTree = "<group>"; };
		DFC6CB4226E6988E0054CF9B /* Info.plist */ = {isa = PBXFileReference; lastKnownFileType = text.plist.xml; path = Info.plist; sourceTree = "<group>"; };
		DFC6CB4726E6988E0054CF9B /* PreworkUITests.xctest */ = {isa = PBXFileReference; explicitFileType = wrapper.cfbundle; includeInIndex = 0; path = PreworkUITests.xctest; sourceTree = BUILT_PRODUCTS_DIR; };
		DFC6CB4B26E6988E0054CF9B /* PreworkUITests.swift */ = {isa = PBXFileReference; lastKnownFileType = sourcecode.swift; path = PreworkUITests.swift; sourceTree = "<group>"; };
		DFC6CB4D26E6988E0054CF9B /* Info.plist */ = {isa = PBXFileReference; lastKnownFileType = text.plist.xml; path = Info.plist; sourceTree = "<group>"; };
/* End PBXFileReference section */

/* Begin PBXFrameworksBuildPhase section */
		DFC6CB2326E698780054CF9B /* Frameworks */ = {
			isa = PBXFrameworksBuildPhase;
			buildActionMask = 2147483647;
			files = (
			);
			runOnlyForDeploymentPostprocessing = 0;
		};
		DFC6CB3926E6988E0054CF9B /* Frameworks */ = {
			isa = PBXFrameworksBuildPhase;
			buildActionMask = 2147483647;
			files = (
			);
			runOnlyForDeploymentPostprocessing = 0;
		};
		DFC6CB4426E6988E0054CF9B /* Frameworks */ = {
			isa = PBXFrameworksBuildPhase;
			buildActionMask = 2147483647;
			files = (
			);
			runOnlyForDeploymentPostprocessing = 0;
		};
/* End PBXFrameworksBuildPhase section */

/* Begin PBXGroup section */
		DFC6CB1D26E698760054CF9B = {
			isa = PBXGroup;
			children = (
				DFC6CB2826E698780054CF9B /* Prework */,
				DFC6CB3F26E6988E0054CF9B /* PreworkTests */,
				DFC6CB4A26E6988E0054CF9B /* PreworkUITests */,
				DFC6CB2726E698780054CF9B /* Products */,
			);
			sourceTree = "<group>";
		};
		DFC6CB2726E698780054CF9B /* Products */ = {
			isa = PBXGroup;
			children = (
				DFC6CB2626E698780054CF9B /* Prework.app */,
				DFC6CB3C26E6988E0054CF9B /* PreworkTests.xctest */,
				DFC6CB4726E6988E0054CF9B /* PreworkUITests.xctest */,
			);
			name = Products;
			sourceTree = "<group>";
		};
		DFC6CB2826E698780054CF9B /* Prework */ = {
			isa = PBXGroup;
			children = (
				DFC6CB2926E698790054CF9B /* AppDelegate.swift */,
				DFC6CB2B26E698790054CF9B /* SceneDelegate.swift */,
				DFC6CB2D26E698790054CF9B /* ViewController.swift */,
				DFC6CB2F26E698790054CF9B /* Main.storyboard */,
				DFC6CB3226E6988C0054CF9B /* Assets.xcassets */,
				DFC6CB3426E6988C0054CF9B /* LaunchScreen.storyboard */,
				DFC6CB3726E6988C0054CF9B /* Info.plist */,
			);
			path = Prework;
			sourceTree = "<group>";
		};
		DFC6CB3F26E6988E0054CF9B /* PreworkTests */ = {
			isa = PBXGroup;
			children = (
				DFC6CB4026E6988E0054CF9B /* PreworkTests.swift */,
				DFC6CB4226E6988E0054CF9B /* Info.plist */,
			);
			path = PreworkTests;
			sourceTree = "<group>";
		};
		DFC6CB4A26E6988E0054CF9B /* PreworkUITests */ = {
			isa = PBXGroup;
			children = (
				DFC6CB4B26E6988E0054CF9B /* PreworkUITests.swift */,
				DFC6CB4D26E6988E0054CF9B /* Info.plist */,
			);
			path = PreworkUITests;
			sourceTree = "<group>";
		};
/* End PBXGroup section */

/* Begin PBXNativeTarget section */
		DFC6CB2526E698780054CF9B /* Prework */ = {
			isa = PBXNativeTarget;
			buildConfigurationList = DFC6CB5026E6988E0054CF9B /* Build configuration list for PBXNativeTarget "Prework" */;
			buildPhases = (
				DFC6CB2226E698780054CF9B /* Sources */,
				DFC6CB2326E698780054CF9B /* Frameworks */,
				DFC6CB2426E698780054CF9B /* Resources */,
			);
			buildRules = (
			);
			dependencies = (
			);
			name = Prework;
			productName = Prework;
			productReference = DFC6CB2626E698780054CF9B /* Prework.app */;
			productType = "com.apple.product-type.application";
		};
		DFC6CB3B26E6988E0054CF9B /* PreworkTests */ = {
			isa = PBXNativeTarget;
			buildConfigurationList = DFC6CB5326E6988E0054CF9B /* Build configuration list for PBXNativeTarget "PreworkTests" */;
			buildPhases = (
				DFC6CB3826E6988E0054CF9B /* Sources */,
				DFC6CB3926E6988E0054CF9B /* Frameworks */,
				DFC6CB3A26E6988E0054CF9B /* Resources */,
			);
			buildRules = (
			);
			dependencies = (
				DFC6CB3E26E6988E0054CF9B /* PBXTargetDependency */,
			);
			name = PreworkTests;
			productName = PreworkTests;
			productReference = DFC6CB3C26E6988E0054CF9B /* PreworkTests.xctest */;
			productType = "com.apple.product-type.bundle.unit-test";
		};
		DFC6CB4626E6988E0054CF9B /* PreworkUITests */ = {
			isa = PBXNativeTarget;
			buildConfigurationList = DFC6CB5626E6988E0054CF9B /* Build configuration list for PBXNativeTarget "PreworkUITests" */;
			buildPhases = (
				DFC6CB4326E6988E0054CF9B /* Sources */,
				DFC6CB4426E6988E0054CF9B /* Frameworks */,
				DFC6CB4526E6988E0054CF9B /* Resources */,
			);
			buildRules = (
			);
			dependencies = (
				DFC6CB4926E6988E0054CF9B /* PBXTargetDependency */,
			);
			name = PreworkUITests;
			productName = PreworkUITests;
			productReference = DFC6CB4726E6988E0054CF9B /* PreworkUITests.xctest */;
			productType = "com.apple.product-type.bundle.ui-testing";
		};
/* End PBXNativeTarget section */

/* Begin PBXProject section */
		DFC6CB1E26E698770054CF9B /* Project object */ = {
			isa = PBXProject;
			attributes = {
				LastSwiftUpdateCheck = 1250;
				LastUpgradeCheck = 1250;
				TargetAttributes = {
					DFC6CB2526E698780054CF9B = {
						CreatedOnToolsVersion = 12.5.1;
					};
					DFC6CB3B26E6988E0054CF9B = {
						CreatedOnToolsVersion = 12.5.1;
						TestTargetID = DFC6CB2526E698780054CF9B;
					};
					DFC6CB4626E6988E0054CF9B = {
						CreatedOnToolsVersion = 12.5.1;
						TestTargetID = DFC6CB2526E698780054CF9B;
					};
				};
			};
			buildConfigurationList = DFC6CB2126E698770054CF9B /* Build configuration list for PBXProject "Prework" */;
			compatibilityVersion = "Xcode 9.3";
			developmentRegion = en;
			hasScannedForEncodings = 0;
			knownRegions = (
				en,
				Base,
			);
			mainGroup = DFC6CB1D26E698760054CF9B;
			productRefGroup = DFC6CB2726E698780054CF9B /* Products */;
			projectDirPath = "";
			projectRoot = "";
			targets = (
				DFC6CB2526E698780054CF9B /* Prework */,
				DFC6CB3B26E6988E0054CF9B /* PreworkTests */,
				DFC6CB4626E6988E0054CF9B /* PreworkUITests */,
			);
		};
/* End PBXProject section */

/* Begin PBXResourcesBuildPhase section */
		DFC6CB2426E698780054CF9B /* Resources */ = {
			isa = PBXResourcesBuildPhase;
			buildActionMask = 2147483647;
			files = (
				DFC6CB3626E6988C0054CF9B /* LaunchScreen.storyboard in Resources */,
				DFC6CB3326E6988C0054CF9B /* Assets.xcassets in Resources */,
				DFC6CB3126E698790054CF9B /* Main.storyboard in Resources */,
			);
			runOnlyForDeploymentPostprocessing = 0;
		};
		DFC6CB3A26E6988E0054CF9B /* Resources */ = {
			isa = PBXResourcesBuildPhase;
			buildActionMask = 2147483647;
			files = (
			);
			runOnlyForDeploymentPostprocessing = 0;
		};
		DFC6CB4526E6988E0054CF9B /* Resources */ = {
			isa = PBXResourcesBuildPhase;
			buildActionMask = 2147483647;
			files = (
			);
			runOnlyForDeploymentPostprocessing = 0;
		};
/* End PBXResourcesBuildPhase section */

/* Begin PBXSourcesBuildPhase section */
		DFC6CB2226E698780054CF9B /* Sources */ = {
			isa = PBXSourcesBuildPhase;
			buildActionMask = 2147483647;
			files = (
				DFC6CB2E26E698790054CF9B /* ViewController.swift in Sources */,
				DFC6CB2A26E698790054CF9B /* AppDelegate.swift in Sources */,
				DFC6CB2C26E698790054CF9B /* SceneDelegate.swift in Sources */,
			);
			runOnlyForDeploymentPostprocessing = 0;
		};
		DFC6CB3826E6988E0054CF9B /* Sources */ = {
			isa = PBXSourcesBuildPhase;
			buildActionMask = 2147483647;
			files = (
				DFC6CB4126E6988E0054CF9B /* PreworkTests.swift in Sources */,
			);
			runOnlyForDeploymentPostprocessing = 0;
		};
		DFC6CB4326E6988E0054CF9B /* Sources */ = {
			isa = PBXSourcesBuildPhase;
			buildActionMask = 2147483647;
			files = (
				DFC6CB4C26E6988E0054CF9B /* PreworkUITests.swift in Sources */,
			);
			runOnlyForDeploymentPostprocessing = 0;
		};
/* End PBXSourcesBuildPhase section */

/* Begin PBXTargetDependency section */
		DFC6CB3E26E6988E0054CF9B /* PBXTargetDependency */ = {
			isa = PBXTargetDependency;
			target = DFC6CB2526E698780054CF9B /* Prework */;
			targetProxy = DFC6CB3D26E6988E0054CF9B /* PBXContainerItemProxy */;
		};
		DFC6CB4926E6988E0054CF9B /* PBXTargetDependency */ = {
			isa = PBXTargetDependency;
			target = DFC6CB2526E698780054CF9B /* Prework */;
			targetProxy = DFC6CB4826E6988E0054CF9B /* PBXContainerItemProxy */;
		};
/* End PBXTargetDependency section */

/* Begin PBXVariantGroup section */
		DFC6CB2F26E698790054CF9B /* Main.storyboard */ = {
			isa = PBXVariantGroup;
			children = (
				DFC6CB3026E698790054CF9B /* Base */,
			);
			name = Main.storyboard;
			sourceTree = "<group>";
		};
		DFC6CB3426E6988C0054CF9B /* LaunchScreen.storyboard */ = {
			isa = PBXVariantGroup;
			children = (
				DFC6CB3526E6988C0054CF9B /* Base */,
			);
			name = LaunchScreen.storyboard;
			sourceTree = "<group>";
		};
/* End PBXVariantGroup section */

/* Begin XCBuildConfiguration section */
		DFC6CB4E26E6988E0054CF9B /* Debug */ = {
			isa = XCBuildConfiguration;
			buildSettings = {
				ALWAYS_SEARCH_USER_PATHS = NO;
				CLANG_ANALYZER_NONNULL = YES;
				CLANG_ANALYZER_NUMBER_OBJECT_CONVERSION = YES_AGGRESSIVE;
				CLANG_CXX_LANGUAGE_STANDARD = "gnu++14";
				CLANG_CXX_LIBRARY = "libc++";
				CLANG_ENABLE_MODULES = YES;
				CLANG_ENABLE_OBJC_ARC = YES;
				CLANG_ENABLE_OBJC_WEAK = YES;
				CLANG_WARN_BLOCK_CAPTURE_AUTORELEASING = YES;
				CLANG_WARN_BOOL_CONVERSION = YES;
				CLANG_WARN_COMMA = YES;
				CLANG_WARN_CONSTANT_CONVERSION = YES;
				CLANG_WARN_DEPRECATED_OBJC_IMPLEMENTATIONS = YES;
				CLANG_WARN_DIRECT_OBJC_ISA_USAGE = YES_ERROR;
				CLANG_WARN_DOCUMENTATION_COMMENTS = YES;
				CLANG_WARN_EMPTY_BODY = YES;
				CLANG_WARN_ENUM_CONVERSION = YES;
				CLANG_WARN_INFINITE_RECURSION = YES;
				CLANG_WARN_INT_CONVERSION = YES;
				CLANG_WARN_NON_LITERAL_NULL_CONVERSION = YES;
				CLANG_WARN_OBJC_IMPLICIT_RETAIN_SELF = YES;
				CLANG_WARN_OBJC_LITERAL_CONVERSION = YES;
				CLANG_WARN_OBJC_ROOT_CLASS = YES_ERROR;
				CLANG_WARN_QUOTED_INCLUDE_IN_FRAMEWORK_HEADER = YES;
				CLANG_WARN_RANGE_LOOP_ANALYSIS = YES;
				CLANG_WARN_STRICT_PROTOTYPES = YES;
				CLANG_WARN_SUSPICIOUS_MOVE = YES;
				CLANG_WARN_UNGUARDED_AVAILABILITY = YES_AGGRESSIVE;
				CLANG_WARN_UNREACHABLE_CODE = YES;
				CLANG_WARN__DUPLICATE_METHOD_MATCH = YES;
				COPY_PHASE_STRIP = NO;
				DEBUG_INFORMATION_FORMAT = dwarf;
				ENABLE_STRICT_OBJC_MSGSEND = YES;
				ENABLE_TESTABILITY = YES;
				GCC_C_LANGUAGE_STANDARD = gnu11;
				GCC_DYNAMIC_NO_PIC = NO;
				GCC_NO_COMMON_BLOCKS = YES;
				GCC_OPTIMIZATION_LEVEL = 0;
				GCC_PREPROCESSOR_DEFINITIONS = (
					"DEBUG=1",
					"$(inherited)",
				);
				GCC_WARN_64_TO_32_BIT_CONVERSION = YES;
				GCC_WARN_ABOUT_RETURN_TYPE = YES_ERROR;
				GCC_WARN_UNDECLARED_SELECTOR = YES;
				GCC_WARN_UNINITIALIZED_AUTOS = YES_AGGRESSIVE;
				GCC_WARN_UNUSED_FUNCTION = YES;
				GCC_WARN_UNUSED_VARIABLE = YES;
				IPHONEOS_DEPLOYMENT_TARGET = 14.5;
				MTL_ENABLE_DEBUG_INFO = INCLUDE_SOURCE;
				MTL_FAST_MATH = YES;
				ONLY_ACTIVE_ARCH = YES;
				SDKROOT = iphoneos;
				SWIFT_ACTIVE_COMPILATION_CONDITIONS = DEBUG;
				SWIFT_OPTIMIZATION_LEVEL = "-Onone";
			};
			name = Debug;
		};
		DFC6CB4F26E6988E0054CF9B /* Release */ = {
			isa = XCBuildConfiguration;
			buildSettings = {
				ALWAYS_SEARCH_USER_PATHS = NO;
				CLANG_ANALYZER_NONNULL = YES;
				CLANG_ANALYZER_NUMBER_OBJECT_CONVERSION = YES_AGGRESSIVE;
				CLANG_CXX_LANGUAGE_STANDARD = "gnu++14";
				CLANG_CXX_LIBRARY = "libc++";
				CLANG_ENABLE_MODULES = YES;
				CLANG_ENABLE_OBJC_ARC = YES;
				CLANG_ENABLE_OBJC_WEAK = YES;
				CLANG_WARN_BLOCK_CAPTURE_AUTORELEASING = YES;
				CLANG_WARN_BOOL_CONVERSION = YES;
				CLANG_WARN_COMMA = YES;
				CLANG_WARN_CONSTANT_CONVERSION = YES;
				CLANG_WARN_DEPRECATED_OBJC_IMPLEMENTATIONS = YES;
				CLANG_WARN_DIRECT_OBJC_ISA_USAGE = YES_ERROR;
				CLANG_WARN_DOCUMENTATION_COMMENTS = YES;
				CLANG_WARN_EMPTY_BODY = YES;
				CLANG_WARN_ENUM_CONVERSION = YES;
				CLANG_WARN_INFINITE_RECURSION = YES;
				CLANG_WARN_INT_CONVERSION = YES;
				CLANG_WARN_NON_LITERAL_NULL_CONVERSION = YES;
				CLANG_WARN_OBJC_IMPLICIT_RETAIN_SELF = YES;
				CLANG_WARN_OBJC_LITERAL_CONVERSION = YES;
				CLANG_WARN_OBJC_ROOT_CLASS = YES_ERROR;
				CLANG_WARN_QUOTED_INCLUDE_IN_FRAMEWORK_HEADER = YES;
				CLANG_WARN_RANGE_LOOP_ANALYSIS = YES;
				CLANG_WARN_STRICT_PROTOTYPES = YES;
				CLANG_WARN_SUSPICIOUS_MOVE = YES;
				CLANG_WARN_UNGUARDED_AVAILABILITY = YES_AGGRESSIVE;
				CLANG_WARN_UNREACHABLE_CODE = YES;
				CLANG_WARN__DUPLICATE_METHOD_MATCH = YES;
				COPY_PHASE_STRIP = NO;
				DEBUG_INFORMATION_FORMAT = "dwarf-with-dsym";
				ENABLE_NS_ASSERTIONS = NO;
				ENABLE_STRICT_OBJC_MSGSEND = YES;
				GCC_C_LANGUAGE_STANDARD = gnu11;
				GCC_NO_COMMON_BLOCKS = YES;
				GCC_WARN_64_TO_32_BIT_CONVERSION = YES;
				GCC_WARN_ABOUT_RETURN_TYPE = YES_ERROR;
				GCC_WARN_UNDECLARED_SELECTOR = YES;
				GCC_WARN_UNINITIALIZED_AUTOS = YES_AGGRESSIVE;
				GCC_WARN_UNUSED_FUNCTION = YES;
				GCC_WARN_UNUSED_VARIABLE = YES;
				IPHONEOS_DEPLOYMENT_TARGET = 14.5;
				MTL_ENABLE_DEBUG_INFO = NO;
				MTL_FAST_MATH = YES;
				SDKROOT = iphoneos;
				SWIFT_COMPILATION_MODE = wholemodule;
				SWIFT_OPTIMIZATION_LEVEL = "-O";
				VALIDATE_PRODUCT = YES;
			};
			name = Release;
		};
		DFC6CB5126E6988E0054CF9B /* Debug */ = {
			isa = XCBuildConfiguration;
			buildSettings = {
				ASSETCATALOG_COMPILER_APPICON_NAME = AppIcon;
				ASSETCATALOG_COMPILER_GLOBAL_ACCENT_COLOR_NAME = AccentColor;
				CODE_SIGN_STYLE = Automatic;
				INFOPLIST_FILE = Prework/Info.plist;
				LD_RUNPATH_SEARCH_PATHS = (
					"$(inherited)",
					"@executable_path/Frameworks",
				);
				PRODUCT_BUNDLE_IDENTIFIER = Tippy.Prework;
				PRODUCT_NAME = "$(TARGET_NAME)";
				SWIFT_VERSION = 5.0;
				TARGETED_DEVICE_FAMILY = "1,2";
			};
			name = Debug;
		};
		DFC6CB5226E6988E0054CF9B /* Release */ = {
			isa = XCBuildConfiguration;
			buildSettings = {
				ASSETCATALOG_COMPILER_APPICON_NAME = AppIcon;
				ASSETCATALOG_COMPILER_GLOBAL_ACCENT_COLOR_NAME = AccentColor;
				CODE_SIGN_STYLE = Automatic;
				INFOPLIST_FILE = Prework/Info.plist;
				LD_RUNPATH_SEARCH_PATHS = (
					"$(inherited)",
					"@executable_path/Frameworks",
				);
				PRODUCT_BUNDLE_IDENTIFIER = Tippy.Prework;
				PRODUCT_NAME = "$(TARGET_NAME)";
				SWIFT_VERSION = 5.0;
				TARGETED_DEVICE_FAMILY = "1,2";
			};
			name = Release;
		};
		DFC6CB5426E6988E0054CF9B /* Debug */ = {
			isa = XCBuildConfiguration;
			buildSettings = {
				ALWAYS_EMBED_SWIFT_STANDARD_LIBRARIES = YES;
				BUNDLE_LOADER = "$(TEST_HOST)";
				CODE_SIGN_STYLE = Automatic;
				INFOPLIST_FILE = PreworkTests/Info.plist;
				IPHONEOS_DEPLOYMENT_TARGET = 14.5;
				LD_RUNPATH_SEARCH_PATHS = (
					"$(inherited)",
					"@executable_path/Frameworks",
					"@loader_path/Frameworks",
				);
				PRODUCT_BUNDLE_IDENTIFIER = Tippy.PreworkTests;
				PRODUCT_NAME = "$(TARGET_NAME)";
				SWIFT_VERSION = 5.0;
				TARGETED_DEVICE_FAMILY = "1,2";
				TEST_HOST = "$(BUILT_PRODUCTS_DIR)/Prework.app/Prework";
			};
			name = Debug;
		};
		DFC6CB5526E6988E0054CF9B /* Release */ = {
			isa = XCBuildConfiguration;
			buildSettings = {
				ALWAYS_EMBED_SWIFT_STANDARD_LIBRARIES = YES;
				BUNDLE_LOADER = "$(TEST_HOST)";
				CODE_SIGN_STYLE = Automatic;
				INFOPLIST_FILE = PreworkTests/Info.plist;
				IPHONEOS_DEPLOYMENT_TARGET = 14.5;
				LD_RUNPATH_SEARCH_PATHS = (
					"$(inherited)",
					"@executable_path/Frameworks",
					"@loader_path/Frameworks",
				);
				PRODUCT_BUNDLE_IDENTIFIER = Tippy.PreworkTests;
				PRODUCT_NAME = "$(TARGET_NAME)";
				SWIFT_VERSION = 5.0;
				TARGETED_DEVICE_FAMILY = "1,2";
				TEST_HOST = "$(BUILT_PRODUCTS_DIR)/Prework.app/Prework";
			};
			name = Release;
		};
		DFC6CB5726E6988E0054CF9B /* Debug */ = {
			isa = XCBuildConfiguration;
			buildSettings = {
				ALWAYS_EMBED_SWIFT_STANDARD_LIBRARIES = YES;
				CODE_SIGN_STYLE = Automatic;
				INFOPLIST_FILE = PreworkUITests/Info.plist;
				LD_RUNPATH_SEARCH_PATHS = (
					"$(inherited)",
					"@executable_path/Frameworks",
					"@loader_path/Frameworks",
				);
				PRODUCT_BUNDLE_IDENTIFIER = Tippy.PreworkUITests;
				PRODUCT_NAME = "$(TARGET_NAME)";
				SWIFT_VERSION = 5.0;
				TARGETED_DEVICE_FAMILY = "1,2";
				TEST_TARGET_NAME = Prework;
			};
			name = Debug;
		};
		DFC6CB5826E6988E0054CF9B /* Release */ = {
			isa = XCBuildConfiguration;
			buildSettings = {
				ALWAYS_EMBED_SWIFT_STANDARD_LIBRARIES = YES;
				CODE_SIGN_STYLE = Automatic;
				INFOPLIST_FILE = PreworkUITests/Info.plist;
				LD_RUNPATH_SEARCH_PATHS = (
					"$(inherited)",
					"@executable_path/Frameworks",
					"@loader_path/Frameworks",
				);
				PRODUCT_BUNDLE_IDENTIFIER = Tippy.PreworkUITests;
				PRODUCT_NAME = "$(TARGET_NAME)";
				SWIFT_VERSION = 5.0;
				TARGETED_DEVICE_FAMILY = "1,2";
				TEST_TARGET_NAME = Prework;
			};
			name = Release;
		};
/* End XCBuildConfiguration section */

/* Begin XCConfigurationList section */
		DFC6CB2126E698770054CF9B /* Build configuration list for PBXProject "Prework" */ = {
			isa = XCConfigurationList;
			buildConfigurations = (
				DFC6CB4E26E6988E0054CF9B /* Debug */,
				DFC6CB4F26E6988E0054CF9B /* Release */,
			);
			defaultConfigurationIsVisible = 0;
			defaultConfigurationName = Release;
		};
		DFC6CB5026E6988E0054CF9B /* Build configuration list for PBXNativeTarget "Prework" */ = {
			isa = XCConfigurationList;
			buildConfigurations = (
				DFC6CB5126E6988E0054CF9B /* Debug */,
				DFC6CB5226E6988E0054CF9B /* Release */,
			);
			defaultConfigurationIsVisible = 0;
			defaultConfigurationName = Release;
		};
		DFC6CB5326E6988E0054CF9B /* Build configuration list for PBXNativeTarget "PreworkTests" */ = {
			isa = XCConfigurationList;
			buildConfigurations = (
				DFC6CB5426E6988E0054CF9B /* Debug */,
				DFC6CB5526E6988E0054CF9B /* Release */,
			);
			defaultConfigurationIsVisible = 0;
			defaultConfigurationName = Release;
		};
		DFC6CB5626E6988E0054CF9B /* Build configuration list for PBXNativeTarget "PreworkUITests" */ = {
			isa = XCConfigurationList;
			buildConfigurations = (
				DFC6CB5726E6988E0054CF9B /* Debug */,
				DFC6CB5826E6988E0054CF9B /* Release */,
			);
			defaultConfigurationIsVisible = 0;
			defaultConfigurationName = Release;
		};
/* End XCConfigurationList section */
	};
	rootObject = DFC6CB1E26E698770054CF9B /* Project object */;
}
